// !$*UTF8*$!
{
	archiveVersion = 1;
	classes = {
	};
	objectVersion = 50;
	objects = {

/* Begin PBXBuildFile section */
		843BD1DA225C3A4A00F18D47 /* AppDelegate.swift in Sources */ = {isa = PBXBuildFile; fileRef = 843BD1D9225C3A4A00F18D47 /* AppDelegate.swift */; };
		843BD1DC225C3A4A00F18D47 /* ViewController.swift in Sources */ = {isa = PBXBuildFile; fileRef = 843BD1DB225C3A4A00F18D47 /* ViewController.swift */; };
		843BD1DF225C3A4A00F18D47 /* Main.storyboard in Resources */ = {isa = PBXBuildFile; fileRef = 843BD1DD225C3A4A00F18D47 /* Main.storyboard */; };
		843BD1E2225C3A4A00F18D47 /* combinedChart.xcdatamodeld in Sources */ = {isa = PBXBuildFile; fileRef = 843BD1E0225C3A4A00F18D47 /* combinedChart.xcdatamodeld */; };
		843BD1E4225C3A4D00F18D47 /* Assets.xcassets in Resources */ = {isa = PBXBuildFile; fileRef = 843BD1E3225C3A4D00F18D47 /* Assets.xcassets */; };
		843BD1E7225C3A4D00F18D47 /* LaunchScreen.storyboard in Resources */ = {isa = PBXBuildFile; fileRef = 843BD1E5225C3A4D00F18D47 /* LaunchScreen.storyboard */; };
		843BD1EF225C3BD300F18D47 /* Charts.framework in Frameworks */ = {isa = PBXBuildFile; fileRef = 843BD1EE225C3BD300F18D47 /* Charts.framework */; };
		F8BA09D4027582CCA708AC95 /* Pods_combinedChart.framework in Frameworks */ = {isa = PBXBuildFile; fileRef = 3873446E0C4938ED0242468A /* Pods_combinedChart.framework */; };
/* End PBXBuildFile section */

/* Begin PBXFileReference section */
		1217FE8FA354528CBD225C6E /* Pods-combinedChart.debug.xcconfig */ = {isa = PBXFileReference; includeInIndex = 1; lastKnownFileType = text.xcconfig; name = "Pods-combinedChart.debug.xcconfig"; path = "Target Support Files/Pods-combinedChart/Pods-combinedChart.debug.xcconfig"; sourceTree = "<group>"; };
		3873446E0C4938ED0242468A /* Pods_combinedChart.framework */ = {isa = PBXFileReference; explicitFileType = wrapper.framework; includeInIndex = 0; path = Pods_combinedChart.framework; sourceTree = BUILT_PRODUCTS_DIR; };
		843BD1D6225C3A4A00F18D47 /* combinedChart.app */ = {isa = PBXFileReference; explicitFileType = wrapper.application; includeInIndex = 0; path = combinedChart.app; sourceTree = BUILT_PRODUCTS_DIR; };
		843BD1D9225C3A4A00F18D47 /* AppDelegate.swift */ = {isa = PBXFileReference; lastKnownFileType = sourcecode.swift; path = AppDelegate.swift; sourceTree = "<group>"; };
		843BD1DB225C3A4A00F18D47 /* ViewController.swift */ = {isa = PBXFileReference; lastKnownFileType = sourcecode.swift; path = ViewController.swift; sourceTree = "<group>"; };
		843BD1DE225C3A4A00F18D47 /* Base */ = {isa = PBXFileReference; lastKnownFileType = file.storyboard; name = Base; path = Base.lproj/Main.storyboard; sourceTree = "<group>"; };
		843BD1E1225C3A4A00F18D47 /* combinedChart.xcdatamodel */ = {isa = PBXFileReference; lastKnownFileType = wrapper.xcdatamodel; path = combinedChart.xcdatamodel; sourceTree = "<group>"; };
		843BD1E3225C3A4D00F18D47 /* Assets.xcassets */ = {isa = PBXFileReference; lastKnownFileType = folder.assetcatalog; path = Assets.xcassets; sourceTree = "<group>"; };
		843BD1E6225C3A4D00F18D47 /* Base */ = {isa = PBXFileReference; lastKnownFileType = file.storyboard; name = Base; path = Base.lproj/LaunchScreen.storyboard; sourceTree = "<group>"; };
		843BD1E8225C3A4D00F18D47 /* Info.plist */ = {isa = PBXFileReference; lastKnownFileType = text.plist.xml; path = Info.plist; sourceTree = "<group>"; };
		843BD1EE225C3BD300F18D47 /* Charts.framework */ = {isa = PBXFileReference; explicitFileType = wrapper.framework; path = Charts.framework; sourceTree = BUILT_PRODUCTS_DIR; };
		F8AD98F1D9F76C1D19002266 /* Pods-combinedChart.release.xcconfig */ = {isa = PBXFileReference; includeInIndex = 1; lastKnownFileType = text.xcconfig; name = "Pods-combinedChart.release.xcconfig"; path = "Target Support Files/Pods-combinedChart/Pods-combinedChart.release.xcconfig"; sourceTree = "<group>"; };
/* End PBXFileReference section */

/* Begin PBXFrameworksBuildPhase section */
		843BD1D3225C3A4A00F18D47 /* Frameworks */ = {
			isa = PBXFrameworksBuildPhase;
			buildActionMask = 2147483647;
			files = (
				843BD1EF225C3BD300F18D47 /* Charts.framework in Frameworks */,
				F8BA09D4027582CCA708AC95 /* Pods_combinedChart.framework in Frameworks */,
			);
			runOnlyForDeploymentPostprocessing = 0;
		};
/* End PBXFrameworksBuildPhase section */

/* Begin PBXGroup section */
		00BFE92BCDE064913E5369F5 /* Pods */ = {
			isa = PBXGroup;
			children = (
				1217FE8FA354528CBD225C6E /* Pods-combinedChart.debug.xcconfig */,
				F8AD98F1D9F76C1D19002266 /* Pods-combinedChart.release.xcconfig */,
			);
			path = Pods;
			sourceTree = "<group>";
		};
		843BD1CD225C3A4A00F18D47 = {
			isa = PBXGroup;
			children = (
				843BD1D8225C3A4A00F18D47 /* combinedChart */,
				843BD1D7225C3A4A00F18D47 /* Products */,
				00BFE92BCDE064913E5369F5 /* Pods */,
				F5EB2029C21209489F22930F /* Frameworks */,
			);
			sourceTree = "<group>";
		};
		843BD1D7225C3A4A00F18D47 /* Products */ = {
			isa = PBXGroup;
			children = (
				843BD1D6225C3A4A00F18D47 /* combinedChart.app */,
			);
			name = Products;
			sourceTree = "<group>";
		};
		843BD1D8225C3A4A00F18D47 /* combinedChart */ = {
			isa = PBXGroup;
			children = (
				843BD1D9225C3A4A00F18D47 /* AppDelegate.swift */,
				843BD1DB225C3A4A00F18D47 /* ViewController.swift */,
				843BD1DD225C3A4A00F18D47 /* Main.storyboard */,
				843BD1E3225C3A4D00F18D47 /* Assets.xcassets */,
				843BD1E5225C3A4D00F18D47 /* LaunchScreen.storyboard */,
				843BD1E8225C3A4D00F18D47 /* Info.plist */,
				843BD1E0225C3A4A00F18D47 /* combinedChart.xcdatamodeld */,
			);
			path = combinedChart;
			sourceTree = "<group>";
		};
		F5EB2029C21209489F22930F /* Frameworks */ = {
			isa = PBXGroup;
			children = (
				843BD1EE225C3BD300F18D47 /* Charts.framework */,
				3873446E0C4938ED0242468A /* Pods_combinedChart.framework */,
			);
			name = Frameworks;
			sourceTree = "<group>";
		};
/* End PBXGroup section */

/* Begin PBXNativeTarget section */
		843BD1D5225C3A4A00F18D47 /* combinedChart */ = {
			isa = PBXNativeTarget;
			buildConfigurationList = 843BD1EB225C3A4D00F18D47 /* Build configuration list for PBXNativeTarget "combinedChart" */;
			buildPhases = (
				6D7D547242247E1E45C2CB52 /* [CP] Check Pods Manifest.lock */,
				843BD1D2225C3A4A00F18D47 /* Sources */,
				843BD1D3225C3A4A00F18D47 /* Frameworks */,
				843BD1D4225C3A4A00F18D47 /* Resources */,
				252553F61BF91977031EBA1D /* [CP] Embed Pods Frameworks */,
			);
			buildRules = (
			);
			dependencies = (
			);
			name = combinedChart;
			productName = combinedChart;
			productReference = 843BD1D6225C3A4A00F18D47 /* combinedChart.app */;
			productType = "com.apple.product-type.application";
		};
/* End PBXNativeTarget section */

/* Begin PBXProject section */
		843BD1CE225C3A4A00F18D47 /* Project object */ = {
			isa = PBXProject;
			attributes = {
				LastSwiftUpdateCheck = 1010;
				LastUpgradeCheck = 1010;
				ORGANIZATIONNAME = th.ac.kmutnb.www;
				TargetAttributes = {
					843BD1D5225C3A4A00F18D47 = {
						CreatedOnToolsVersion = 10.1;
					};
				};
			};
			buildConfigurationList = 843BD1D1225C3A4A00F18D47 /* Build configuration list for PBXProject "combinedChart" */;
			compatibilityVersion = "Xcode 9.3";
			developmentRegion = en;
			hasScannedForEncodings = 0;
			knownRegions = (
				en,
				Base,
			);
			mainGroup = 843BD1CD225C3A4A00F18D47;
			productRefGroup = 843BD1D7225C3A4A00F18D47 /* Products */;
			projectDirPath = "";
			projectRoot = "";
			targets = (
				843BD1D5225C3A4A00F18D47 /* combinedChart */,
			);
		};
/* End PBXProject section */

/* Begin PBXResourcesBuildPhase section */
		843BD1D4225C3A4A00F18D47 /* Resources */ = {
			isa = PBXResourcesBuildPhase;
			buildActionMask = 2147483647;
			files = (
				843BD1E7225C3A4D00F18D47 /* LaunchScreen.storyboard in Resources */,
				843BD1E4225C3A4D00F18D47 /* Assets.xcassets in Resources */,
				843BD1DF225C3A4A00F18D47 /* Main.storyboard in Resources */,
			);
			runOnlyForDeploymentPostprocessing = 0;
		};
/* End PBXResourcesBuildPhase section */

/* Begin PBXShellScriptBuildPhase section */
		252553F61BF91977031EBA1D /* [CP] Embed Pods Frameworks */ = {
			isa = PBXShellScriptBuildPhase;
			buildActionMask = 2147483647;
			files = (
			);
			inputFileListPaths = (
			);
			inputPaths = (
				"${PODS_ROOT}/Target Support Files/Pods-combinedChart/Pods-combinedChart-frameworks.sh",
				"${BUILT_PRODUCTS_DIR}/Alamofire/Alamofire.framework",
				"${BUILT_PRODUCTS_DIR}/BRYSerialAnimationQueue/BRYSerialAnimationQueue.framework",
				"${BUILT_PRODUCTS_DIR}/Charts/Charts.framework",
				"${BUILT_PRODUCTS_DIR}/ChartsRealm/ChartsRealm.framework",
				"${BUILT_PRODUCTS_DIR}/Realm/Realm.framework",
				"${BUILT_PRODUCTS_DIR}/RealmSwift/RealmSwift.framework",
				"${BUILT_PRODUCTS_DIR}/SSBouncyButton/SSBouncyButton.framework",
				"${BUILT_PRODUCTS_DIR}/UIColor-Hex/UIColor_Hex.framework",
				"${BUILT_PRODUCTS_DIR}/UIImage+BetterAdditions/UIImage_BetterAdditions.framework",
			);
			name = "[CP] Embed Pods Frameworks";
			outputFileListPaths = (
			);
			outputPaths = (
				"${TARGET_BUILD_DIR}/${FRAMEWORKS_FOLDER_PATH}/Alamofire.framework",
				"${TARGET_BUILD_DIR}/${FRAMEWORKS_FOLDER_PATH}/BRYSerialAnimationQueue.framework",
				"${TARGET_BUILD_DIR}/${FRAMEWORKS_FOLDER_PATH}/Charts.framework",
				"${TARGET_BUILD_DIR}/${FRAMEWORKS_FOLDER_PATH}/ChartsRealm.framework",
				"${TARGET_BUILD_DIR}/${FRAMEWORKS_FOLDER_PATH}/Realm.framework",
				"${TARGET_BUILD_DIR}/${FRAMEWORKS_FOLDER_PATH}/RealmSwift.framework",
				"${TARGET_BUILD_DIR}/${FRAMEWORKS_FOLDER_PATH}/SSBouncyButton.framework",
				"${TARGET_BUILD_DIR}/${FRAMEWORKS_FOLDER_PATH}/UIColor_Hex.framework",
				"${TARGET_BUILD_DIR}/${FRAMEWORKS_FOLDER_PATH}/UIImage_BetterAdditions.framework",
			);
			runOnlyForDeploymentPostprocessing = 0;
			shellPath = /bin/sh;
			shellScript = "\"${PODS_ROOT}/Target Support Files/Pods-combinedChart/Pods-combinedChart-frameworks.sh\"\n";
			showEnvVarsInLog = 0;
		};
		6D7D547242247E1E45C2CB52 /* [CP] Check Pods Manifest.lock */ = {
			isa = PBXShellScriptBuildPhase;
			buildActionMask = 2147483647;
			files = (
			);
			inputFileListPaths = (
			);
			inputPaths = (
				"${PODS_PODFILE_DIR_PATH}/Podfile.lock",
				"${PODS_ROOT}/Manifest.lock",
			);
			name = "[CP] Check Pods Manifest.lock";
			outputFileListPaths = (
			);
			outputPaths = (
				"$(DERIVED_FILE_DIR)/Pods-combinedChart-checkManifestLockResult.txt",
			);
			runOnlyForDeploymentPostprocessing = 0;
			shellPath = /bin/sh;
			shellScript = "diff \"${PODS_PODFILE_DIR_PATH}/Podfile.lock\" \"${PODS_ROOT}/Manifest.lock\" > /dev/null\nif [ $? != 0 ] ; then\n    # print error to STDERR\n    echo \"error: The sandbox is not in sync with the Podfile.lock. Run 'pod install' or update your CocoaPods installation.\" >&2\n    exit 1\nfi\n# This output is used by Xcode 'outputs' to avoid re-running this script phase.\necho \"SUCCESS\" > \"${SCRIPT_OUTPUT_FILE_0}\"\n";
			showEnvVarsInLog = 0;
		};
/* End PBXShellScriptBuildPhase section */

/* Begin PBXSourcesBuildPhase section */
		843BD1D2225C3A4A00F18D47 /* Sources */ = {
			isa = PBXSourcesBuildPhase;
			buildActionMask = 2147483647;
			files = (
				843BD1DC225C3A4A00F18D47 /* ViewController.swift in Sources */,
				843BD1DA225C3A4A00F18D47 /* AppDelegate.swift in Sources */,
				843BD1E2225C3A4A00F18D47 /* combinedChart.xcdatamodeld in Sources */,
			);
			runOnlyForDeploymentPostprocessing = 0;
		};
/* End PBXSourcesBuildPhase section */

/* Begin PBXVariantGroup section */
		843BD1DD225C3A4A00F18D47 /* Main.storyboard */ = {
			isa = PBXVariantGroup;
			children = (
				843BD1DE225C3A4A00F18D47 /* Base */,
			);
			name = Main.storyboard;
			sourceTree = "<group>";
		};
		843BD1E5225C3A4D00F18D47 /* LaunchScreen.storyboard */ = {
			isa = PBXVariantGroup;
			children = (
				843BD1E6225C3A4D00F18D47 /* Base */,
			);
			name = LaunchScreen.storyboard;
			sourceTree = "<group>";
		};
/* End PBXVariantGroup section */

/* Begin XCBuildConfiguration section */
		843BD1E9225C3A4D00F18D47 /* Debug */ = {
			isa = XCBuildConfiguration;
			buildSettings = {
				ALWAYS_SEARCH_USER_PATHS = NO;
				CLANG_ANALYZER_NONNULL = YES;
				CLANG_ANALYZER_NUMBER_OBJECT_CONVERSION = YES_AGGRESSIVE;
				CLANG_CXX_LANGUAGE_STANDARD = "gnu++14";
				CLANG_CXX_LIBRARY = "libc++";
				CLANG_ENABLE_MODULES = YES;
				CLANG_ENABLE_OBJC_ARC = YES;
				CLANG_ENABLE_OBJC_WEAK = YES;
				CLANG_WARN_BLOCK_CAPTURE_AUTORELEASING = YES;
				CLANG_WARN_BOOL_CONVERSION = YES;
				CLANG_WARN_COMMA = YES;
				CLANG_WARN_CONSTANT_CONVERSION = YES;
				CLANG_WARN_DEPRECATED_OBJC_IMPLEMENTATIONS = YES;
				CLANG_WARN_DIRECT_OBJC_ISA_USAGE = YES_ERROR;
				CLANG_WARN_DOCUMENTATION_COMMENTS = YES;
				CLANG_WARN_EMPTY_BODY = YES;
				CLANG_WARN_ENUM_CONVERSION = YES;
				CLANG_WARN_INFINITE_RECURSION = YES;
				CLANG_WARN_INT_CONVERSION = YES;
				CLANG_WARN_NON_LITERAL_NULL_CONVERSION = YES;
				CLANG_WARN_OBJC_IMPLICIT_RETAIN_SELF = YES;
				CLANG_WARN_OBJC_LITERAL_CONVERSION = YES;
				CLANG_WARN_OBJC_ROOT_CLASS = YES_ERROR;
				CLANG_WARN_RANGE_LOOP_ANALYSIS = YES;
				CLANG_WARN_STRICT_PROTOTYPES = YES;
				CLANG_WARN_SUSPICIOUS_MOVE = YES;
				CLANG_WARN_UNGUARDED_AVAILABILITY = YES_AGGRESSIVE;
				CLANG_WARN_UNREACHABLE_CODE = YES;
				CLANG_WARN__DUPLICATE_METHOD_MATCH = YES;
				CODE_SIGN_IDENTITY = "iPhone Developer";
				COPY_PHASE_STRIP = NO;
				DEBUG_INFORMATION_FORMAT = dwarf;
				ENABLE_STRICT_OBJC_MSGSEND = YES;
				ENABLE_TESTABILITY = YES;
				GCC_C_LANGUAGE_STANDARD = gnu11;
				GCC_DYNAMIC_NO_PIC = NO;
				GCC_NO_COMMON_BLOCKS = YES;
				GCC_OPTIMIZATION_LEVEL = 0;
				GCC_PREPROCESSOR_DEFINITIONS = (
					"DEBUG=1",
					"$(inherited)",
				);
				GCC_WARN_64_TO_32_BIT_CONVERSION = YES;
				GCC_WARN_ABOUT_RETURN_TYPE = YES_ERROR;
				GCC_WARN_UNDECLARED_SELECTOR = YES;
				GCC_WARN_UNINITIALIZED_AUTOS = YES_AGGRESSIVE;
				GCC_WARN_UNUSED_FUNCTION = YES;
				GCC_WARN_UNUSED_VARIABLE = YES;
				IPHONEOS_DEPLOYMENT_TARGET = 12.1;
				MTL_ENABLE_DEBUG_INFO = INCLUDE_SOURCE;
				MTL_FAST_MATH = YES;
				ONLY_ACTIVE_ARCH = YES;
				SDKROOT = iphoneos;
				SWIFT_ACTIVE_COMPILATION_CONDITIONS = DEBUG;
				SWIFT_OPTIMIZATION_LEVEL = "-Onone";
			};
			name = Debug;
		};
		843BD1EA225C3A4D00F18D47 /* Release */ = {
			isa = XCBuildConfiguration;
			buildSettings = {
				ALWAYS_SEARCH_USER_PATHS = NO;
				CLANG_ANALYZER_NONNULL = YES;
				CLANG_ANALYZER_NUMBER_OBJECT_CONVERSION = YES_AGGRESSIVE;
				CLANG_CXX_LANGUAGE_STANDARD = "gnu++14";
				CLANG_CXX_LIBRARY = "libc++";
				CLANG_ENABLE_MODULES = YES;
				CLANG_ENABLE_OBJC_ARC = YES;
				CLANG_ENABLE_OBJC_WEAK = YES;
				CLANG_WARN_BLOCK_CAPTURE_AUTORELEASING = YES;
				CLANG_WARN_BOOL_CONVERSION = YES;
				CLANG_WARN_COMMA = YES;
				CLANG_WARN_CONSTANT_CONVERSION = YES;
				CLANG_WARN_DEPRECATED_OBJC_IMPLEMENTATIONS = YES;
				CLANG_WARN_DIRECT_OBJC_ISA_USAGE = YES_ERROR;
				CLANG_WARN_DOCUMENTATION_COMMENTS = YES;
				CLANG_WARN_EMPTY_BODY = YES;
				CLANG_WARN_ENUM_CONVERSION = YES;
				CLANG_WARN_INFINITE_RECURSION = YES;
				CLANG_WARN_INT_CONVERSION = YES;
				CLANG_WARN_NON_LITERAL_NULL_CONVERSION = YES;
				CLANG_WARN_OBJC_IMPLICIT_RETAIN_SELF = YES;
				CLANG_WARN_OBJC_LITERAL_CONVERSION = YES;
				CLANG_WARN_OBJC_ROOT_CLASS = YES_ERROR;
				CLANG_WARN_RANGE_LOOP_ANALYSIS = YES;
				CLANG_WARN_STRICT_PROTOTYPES = YES;
				CLANG_WARN_SUSPICIOUS_MOVE = YES;
				CLANG_WARN_UNGUARDED_AVAILABILITY = YES_AGGRESSIVE;
				CLANG_WARN_UNREACHABLE_CODE = YES;
				CLANG_WARN__DUPLICATE_METHOD_MATCH = YES;
				CODE_SIGN_IDENTITY = "iPhone Developer";
				COPY_PHASE_STRIP = NO;
				DEBUG_INFORMATION_FORMAT = "dwarf-with-dsym";
				ENABLE_NS_ASSERTIONS = NO;
				ENABLE_STRICT_OBJC_MSGSEND = YES;
				GCC_C_LANGUAGE_STANDARD = gnu11;
				GCC_NO_COMMON_BLOCKS = YES;
				GCC_WARN_64_TO_32_BIT_CONVERSION = YES;
				GCC_WARN_ABOUT_RETURN_TYPE = YES_ERROR;
				GCC_WARN_UNDECLARED_SELECTOR = YES;
				GCC_WARN_UNINITIALIZED_AUTOS = YES_AGGRESSIVE;
				GCC_WARN_UNUSED_FUNCTION = YES;
				GCC_WARN_UNUSED_VARIABLE = YES;
				IPHONEOS_DEPLOYMENT_TARGET = 12.1;
				MTL_ENABLE_DEBUG_INFO = NO;
				MTL_FAST_MATH = YES;
				SDKROOT = iphoneos;
				SWIFT_COMPILATION_MODE = wholemodule;
				SWIFT_OPTIMIZATION_LEVEL = "-O";
				VALIDATE_PRODUCT = YES;
			};
			name = Release;
		};
		843BD1EC225C3A4D00F18D47 /* Debug */ = {
			isa = XCBuildConfiguration;
			baseConfigurationReference = 1217FE8FA354528CBD225C6E /* Pods-combinedChart.debug.xcconfig */;
			buildSettings = {
				ASSETCATALOG_COMPILER_APPICON_NAME = AppIcon;
				CODE_SIGN_STYLE = Automatic;
				DEVELOPMENT_TEAM = 7T7RHRHZAS;
				INFOPLIST_FILE = combinedChart/Info.plist;
				LD_RUNPATH_SEARCH_PATHS = (
					"$(inherited)",
					"@executable_path/Frameworks",
				);
				PRODUCT_BUNDLE_IDENTIFIER = "l3lcS-10.5806021623171";
				PRODUCT_NAME = "$(TARGET_NAME)";
				SWIFT_VERSION = 4.2;
				TARGETED_DEVICE_FAMILY = "1,2";
			};
			name = Debug;
		};
		843BD1ED225C3A4D00F18D47 /* Release */ = {
			isa = XCBuildConfiguration;
			baseConfigurationReference = F8AD98F1D9F76C1D19002266 /* Pods-combinedChart.release.xcconfig */;
			buildSettings = {
				ASSETCATALOG_COMPILER_APPICON_NAME = AppIcon;
				CODE_SIGN_STYLE = Automatic;
				DEVELOPMENT_TEAM = 7T7RHRHZAS;
				INFOPLIST_FILE = combinedChart/Info.plist;
				LD_RUNPATH_SEARCH_PATHS = (
					"$(inherited)",
					"@executable_path/Frameworks",
				);
				PRODUCT_BUNDLE_IDENTIFIER = "l3lcS-10.5806021623171";
				PRODUCT_NAME = "$(TARGET_NAME)";
				SWIFT_VERSION = 4.2;
				TARGETED_DEVICE_FAMILY = "1,2";
			};
			name = Release;
		};
/* End XCBuildConfiguration section */

/* Begin XCConfigurationList section */
		843BD1D1225C3A4A00F18D47 /* Build configuration list for PBXProject "combinedChart" */ = {
			isa = XCConfigurationList;
			buildConfigurations = (
				843BD1E9225C3A4D00F18D47 /* Debug */,
				843BD1EA225C3A4D00F18D47 /* Release */,
			);
			defaultConfigurationIsVisible = 0;
			defaultConfigurationName = Release;
		};
		843BD1EB225C3A4D00F18D47 /* Build configuration list for PBXNativeTarget "combinedChart" */ = {
			isa = XCConfigurationList;
			buildConfigurations = (
				843BD1EC225C3A4D00F18D47 /* Debug */,
				843BD1ED225C3A4D00F18D47 /* Release */,
			);
			defaultConfigurationIsVisible = 0;
			defaultConfigurationName = Release;
		};
/* End XCConfigurationList section */

/* Begin XCVersionGroup section */
		843BD1E0225C3A4A00F18D47 /* combinedChart.xcdatamodeld */ = {
			isa = XCVersionGroup;
			children = (
				843BD1E1225C3A4A00F18D47 /* combinedChart.xcdatamodel */,
			);
			currentVersion = 843BD1E1225C3A4A00F18D47 /* combinedChart.xcdatamodel */;
			path = combinedChart.xcdatamodeld;
			sourceTree = "<group>";
			versionGroupType = wrapper.xcdatamodel;
		};
/* End XCVersionGroup section */
	};
	rootObject = 843BD1CE225C3A4A00F18D47 /* Project object */;
}
